version = 1
revision = 2
requires-python = ">=3.13"

[[package]]
name = "aws-lambda-powertools"
version = "3.18.0"
source = { registry = "https://pypi.org/simple" }
dependencies = [
    { name = "jmespath" },
    { name = "typing-extensions" },
]
sdist = { url = "https://files.pythonhosted.org/packages/0b/d9/5ba420bbe1aef011559e035a1d1ef82a6d30500610116e7feb2f2b5dcda7/aws_lambda_powertools-3.18.0.tar.gz", hash = "sha256:74f484b03dfb733769828bf8e9f33ac427cd57c477a9ceae2dc19f643051e3c3", size = 686276, upload-time = "2025-07-29T08:22:50.901Z" }
wheels = [
    { url = "https://files.pythonhosted.org/packages/42/b1/ca638f5ce0f4d1c4c75412342c08d124142facf89104f9d3659e9c395c63/aws_lambda_powertools-3.18.0-py3-none-any.whl", hash = "sha256:5afb230abf4e64bce00d35e858a4e83ae99c667f648c1f4d246e4bb022715df8", size = 828005, upload-time = "2025-07-29T08:22:48.807Z" },
]

[[package]]
name = "boto3"
version = "1.40.2"
source = { registry = "https://pypi.org/simple" }
dependencies = [
    { name = "botocore" },
    { name = "jmespath" },
    { name = "s3transfer" },
]
sdist = { url = "https://files.pythonhosted.org/packages/d1/c0/9ceff05d2243f169765ae9db08fa6f085d026af71a778cd083dc972f0f2b/boto3-1.40.2.tar.gz", hash = "sha256:2dfbc214fdbf94abfd61eec687ea39089d05af43bb00be792c76f3a6c1393f7b", size = 111826, upload-time = "2025-08-04T19:31:51.959Z" }
wheels = [
    { url = "https://files.pythonhosted.org/packages/f7/66/01bccaaebcd1365ce1334be042765e49ccf23787887afb8e43c6d4bc2f6e/boto3-1.40.2-py3-none-any.whl", hash = "sha256:3d99325ee874190e8f3bfd38823987327c826cdfbab943420851bdb7684d727c", size = 139882, upload-time = "2025-08-04T19:31:50.493Z" },
]

[[package]]
name = "botocore"
version = "1.40.2"
source = { registry = "https://pypi.org/simple" }
dependencies = [
    { name = "jmespath" },
    { name = "python-dateutil" },
    { name = "urllib3" },
]
sdist = { url = "https://files.pythonhosted.org/packages/20/e5/e7d68381042a6d50510c8d4629f39922ce27ff32f45baf852ba6534342c5/botocore-1.40.2.tar.gz", hash = "sha256:77c4710bf37b28e897833b5b1f47d6a83e45a29985cd01a560dfdb8b6ad524e5", size = 14284599, upload-time = "2025-08-04T19:31:42.064Z" }
wheels = [
    { url = "https://files.pythonhosted.org/packages/16/56/dd25fb9e47060e8f7e353208678fefb65d1b06704ea30983cad8bdd81370/botocore-1.40.2-py3-none-any.whl", hash = "sha256:a31e6269af05498f8dc1c7f2b3f34448a0f16c79a8601c0389ecddab51b2c2ab", size = 13944886, upload-time = "2025-08-04T19:31:37.027Z" },
]

[[package]]
name = "botocore-stubs"
version = "1.38.46"
source = { registry = "https://pypi.org/simple" }
dependencies = [
    { name = "types-awscrt" },
]
sdist = { url = "https://files.pythonhosted.org/packages/05/45/27cabc7c3022dcb12de5098cc646b374065f5e72fae13600ff1756f365ee/botocore_stubs-1.38.46.tar.gz", hash = "sha256:a04e69766ab8bae338911c1897492f88d05cd489cd75f06e6eb4f135f9da8c7b", size = 42299, upload-time = "2025-06-29T22:58:24.765Z" }
wheels = [
    { url = "https://files.pythonhosted.org/packages/cc/84/06490071e26bab22ac79a684e98445df118adcf80c58c33ba5af184030f2/botocore_stubs-1.38.46-py3-none-any.whl", hash = "sha256:cc21d9a7dd994bdd90872db4664d817c4719b51cda8004fd507a4bf65b085a75", size = 66083, upload-time = "2025-06-29T22:58:22.234Z" },
]

[[package]]
name = "dnspython"
version = "2.7.0"
source = { registry = "https://pypi.org/simple" }
sdist = { url = "https://files.pythonhosted.org/packages/b5/4a/263763cb2ba3816dd94b08ad3a33d5fdae34ecb856678773cc40a3605829/dnspython-2.7.0.tar.gz", hash = "sha256:ce9c432eda0dc91cf618a5cedf1a4e142651196bbcd2c80e89ed5a907e5cfaf1", size = 345197, upload-time = "2024-10-05T20:14:59.362Z" }
wheels = [
    { url = "https://files.pythonhosted.org/packages/68/1b/e0a87d256e40e8c888847551b20a017a6b98139178505dc7ffb96f04e954/dnspython-2.7.0-py3-none-any.whl", hash = "sha256:b4c34b7d10b51bcc3a5071e7b8dee77939f1e878477eeecc965e9835f63c6c86", size = 313632, upload-time = "2024-10-05T20:14:57.687Z" },
]

[[package]]
name = "ekim"
version = "0.1.0"
source = { virtual = "." }
dependencies = [
    { name = "aws-lambda-powertools" },
    { name = "boto3" },
    { name = "dnspython" },
    { name = "types-boto3", extra = ["full"] },
]

[package.metadata]
requires-dist = [
    { name = "aws-lambda-powertools", specifier = ">=3.18.0" },
    { name = "boto3", specifier = ">=1.40.2" },
    { name = "dnspython", specifier = ">=2.7.0" },
    { name = "types-boto3", extras = ["full"], specifier = ">=1.40.2" },
]

[[package]]
name = "jmespath"
version = "1.0.1"
source = { registry = "https://pypi.org/simple" }
sdist = { url = "https://files.pythonhosted.org/packages/00/2a/e867e8531cf3e36b41201936b7fa7ba7b5702dbef42922193f05c8976cd6/jmespath-1.0.1.tar.gz", hash = "sha256:90261b206d6defd58fdd5e85f478bf633a2901798906be2ad389150c5c60edbe", size = 25843, upload-time = "2022-06-17T18:00:12.224Z" }
wheels = [
    { url = "https://files.pythonhosted.org/packages/31/b4/b9b800c45527aadd64d5b442f9b932b00648617eb5d63d2c7a6587b7cafc/jmespath-1.0.1-py3-none-any.whl", hash = "sha256:02e2e4cc71b5bcab88332eebf907519190dd9e6e82107fa7f83b1003a6252980", size = 20256, upload-time = "2022-06-17T18:00:10.251Z" },
]

[[package]]
name = "python-dateutil"
version = "2.9.0.post0"
source = { registry = "https://pypi.org/simple" }
dependencies = [
    { name = "six" },
]
sdist = { url = "https://files.pythonhosted.org/packages/66/c0/0c8b6ad9f17a802ee498c46e004a0eb49bc148f2fd230864601a86dcf6db/python-dateutil-2.9.0.post0.tar.gz", hash = "sha256:37dd54208da7e1cd875388217d5e00ebd4179249f90fb72437e91a35459a0ad3", size = 342432, upload-time = "2024-03-01T18:36:20.211Z" }
wheels = [
    { url = "https://files.pythonhosted.org/packages/ec/57/56b9bcc3c9c6a792fcbaf139543cee77261f3651ca9da0c93f5c1221264b/python_dateutil-2.9.0.post0-py2.py3-none-any.whl", hash = "sha256:a8b2bc7bffae282281c8140a97d3aa9c14da0b136dfe83f850eea9a5f7470427", size = 229892, upload-time = "2024-03-01T18:36:18.57Z" },
]

[[package]]
name = "s3transfer"
version = "0.13.1"
source = { registry = "https://pypi.org/simple" }
dependencies = [
    { name = "botocore" },
]
sdist = { url = "https://files.pythonhosted.org/packages/6d/05/d52bf1e65044b4e5e27d4e63e8d1579dbdec54fce685908ae09bc3720030/s3transfer-0.13.1.tar.gz", hash = "sha256:c3fdba22ba1bd367922f27ec8032d6a1cf5f10c934fb5d68cf60fd5a23d936cf", size = 150589, upload-time = "2025-07-18T19:22:42.31Z" }
wheels = [
    { url = "https://files.pythonhosted.org/packages/6d/4f/d073e09df851cfa251ef7840007d04db3293a0482ce607d2b993926089be/s3transfer-0.13.1-py3-none-any.whl", hash = "sha256:a981aa7429be23fe6dfc13e80e4020057cbab622b08c0315288758d67cabc724", size = 85308, upload-time = "2025-07-18T19:22:40.947Z" },
]

[[package]]
name = "six"
version = "1.17.0"
source = { registry = "https://pypi.org/simple" }
sdist = { url = "https://files.pythonhosted.org/packages/94/e7/b2c673351809dca68a0e064b6af791aa332cf192da575fd474ed7d6f16a2/six-1.17.0.tar.gz", hash = "sha256:ff70335d468e7eb6ec65b95b99d3a2836546063f63acc5171de367e834932a81", size = 34031, upload-time = "2024-12-04T17:35:28.174Z" }
wheels = [
    { url = "https://files.pythonhosted.org/packages/b7/ce/149a00dd41f10bc29e5921b496af8b574d8413afcd5e30dfa0ed46c2cc5e/six-1.17.0-py2.py3-none-any.whl", hash = "sha256:4721f391ed90541fddacab5acf947aa0d3dc7d27b2e1e8eda2be8970586c3274", size = 11050, upload-time = "2024-12-04T17:35:26.475Z" },
]

[[package]]
name = "types-awscrt"
version = "0.27.5"
source = { registry = "https://pypi.org/simple" }
sdist = { url = "https://files.pythonhosted.org/packages/09/dd/9dc12092b88b95b88ef161c856619c1ef1f52bec1248273abe43ba56f123/types_awscrt-0.27.5.tar.gz", hash = "sha256:8eefe50d1709520663b77d3643a772c35ace3d8acfcb296f857627622c84cb4c", size = 16953, upload-time = "2025-07-31T02:03:20.284Z" }
wheels = [
    { url = "https://files.pythonhosted.org/packages/83/fc/259979fadf4c6b0ff8a025d61a7d47e2868b4e9e429983c3ee58fdc9d106/types_awscrt-0.27.5-py3-none-any.whl", hash = "sha256:99ee40e787dfb92ae93a5c956251a03b847de3ac532552f7e06dd5eb6e0fd02f", size = 39627, upload-time = "2025-07-31T02:03:19.168Z" },
]

[[package]]
name = "types-boto3"
version = "1.40.2"
source = { registry = "https://pypi.org/simple" }
dependencies = [
    { name = "botocore-stubs" },
    { name = "types-s3transfer" },
]
sdist = { url = "https://files.pythonhosted.org/packages/58/25/11ab50466cbd5fcb1aaf4eaa7fe15bea86a0ffd98de8d8a952076f7b28bb/types_boto3-1.40.2.tar.gz", hash = "sha256:578a3a47dda8d85457e23e766592f6a6d40df88f7f9cd93527d98ba2e5d46546", size = 101314, upload-time = "2025-08-04T19:33:38.486Z" }
wheels = [
    { url = "https://files.pythonhosted.org/packages/3b/35/339b06eb09ee358810c10577014f914bf41cb75dfe5f9d6f5675135d78d5/types_boto3-1.40.2-py3-none-any.whl", hash = "sha256:4d222ca72fb70afb5d4205616dedacdafed00b416d434fbb8a57a387d582aa9a", size = 69625, upload-time = "2025-08-04T19:33:32.007Z" },
]

[package.optional-dependencies]
full = [
    { name = "types-boto3-full" },
]

[[package]]
name = "types-boto3-full"
version = "1.40.1"
source = { registry = "https://pypi.org/simple" }
sdist = { url = "https://files.pythonhosted.org/packages/cc/d9/b19e6676518847973baaebf29b54450a4ce40beee0a3c11b1653cf173429/types_boto3_full-1.40.1.tar.gz", hash = "sha256:73e7f096d37be04506a665aa2a5a16d488aeef778bb55e93566f765416aa4e37", size = 8057470, upload-time = "2025-08-02T01:12:58.385Z" }
wheels = [
    { url = "https://files.pythonhosted.org/packages/b3/13/c5c2f7cda5eb67c787a22a8647046e4651c374733805077526df1ed788cf/types_boto3_full-1.40.1-py3-none-any.whl", hash = "sha256:e90c802b8a2b4e852ea3cd80b69ce66bba8ceb3d6e38892c51a7daae809b42cd", size = 12431210, upload-time = "2025-08-02T01:12:54.805Z" },
]

[[package]]
name = "types-s3transfer"
version = "0.13.0"
source = { registry = "https://pypi.org/simple" }
sdist = { url = "https://files.pythonhosted.org/packages/42/c1/45038f259d6741c252801044e184fec4dbaeff939a58f6160d7c32bf4975/types_s3transfer-0.13.0.tar.gz", hash = "sha256:203dadcb9865c2f68fb44bc0440e1dc05b79197ba4a641c0976c26c9af75ef52", size = 14175, upload-time = "2025-05-28T02:16:07.614Z" }
wheels = [
    { url = "https://files.pythonhosted.org/packages/c8/5d/6bbe4bf6a79fb727945291aef88b5ecbdba857a603f1bbcf1a6be0d3f442/types_s3transfer-0.13.0-py3-none-any.whl", hash = "sha256:79c8375cbf48a64bff7654c02df1ec4b20d74f8c5672fc13e382f593ca5565b3", size = 19588, upload-time = "2025-05-28T02:16:06.709Z" },
]

[[package]]
name = "typing-extensions"
version = "4.14.1"
source = { registry = "https://pypi.org/simple" }
sdist = { url = "https://files.pythonhosted.org/packages/98/5a/da40306b885cc8c09109dc2e1abd358d5684b1425678151cdaed4731c822/typing_extensions-4.14.1.tar.gz", hash = "sha256:38b39f4aeeab64884ce9f74c94263ef78f3c22467c8724005483154c26648d36", size = 107673, upload-time = "2025-07-04T13:28:34.16Z" }
wheels = [
    { url = "https://files.pythonhosted.org/packages/b5/00/d631e67a838026495268c2f6884f3711a15a9a2a96cd244fdaea53b823fb/typing_extensions-4.14.1-py3-none-any.whl", hash = "sha256:d1e1e3b58374dc93031d6eda2420a48ea44a36c2b4766a4fdeb3710755731d76", size = 43906, upload-time = "2025-07-04T13:28:32.743Z" },
]

[[package]]
name = "urllib3"
version = "2.5.0"
source = { registry = "https://pypi.org/simple" }
sdist = { url = "https://files.pythonhosted.org/packages/15/22/9ee70a2574a4f4599c47dd506532914ce044817c7752a79b6a51286319bc/urllib3-2.5.0.tar.gz", hash = "sha256:3fc47733c7e419d4bc3f6b3dc2b4f890bb743906a30d56ba4a5bfa4bbff92760", size = 393185, upload-time = "2025-06-18T14:07:41.644Z" }
wheels = [
    { url = "https://files.pythonhosted.org/packages/a7/c2/fe1e52489ae3122415c51f387e221dd0773709bad6c6cdaa599e8a2c5185/urllib3-2.5.0-py3-none-any.whl", hash = "sha256:e6b01673c0fa6a13e374b50871808eb3bf7046c4b125b216f6bf1cc604cff0dc", size = 129795, upload-time = "2025-06-18T14:07:40.39Z" },
]
